
Microsoft Visual Studio Solution File, Format Version 12.00
# Visual Studio 15
VisualStudioVersion = 15.0.25123.0
MinimumVisualStudioVersion = 10.0.40219.1
Project("{FAE04EC0-301F-11D3-BF4B-00C04F79EFBC}") = "Java2Dotnet.Spider.Common", "src\Java2Dotnet.Spider.Common\net45\Java2Dotnet.Spider.Common.csproj", "{43DD7A01-FBDE-4A22-BF6E-758F721DDE77}"
EndProject
Project("{FAE04EC0-301F-11D3-BF4B-00C04F79EFBC}") = "Java2Dotnet.Spider.Redial", "src\Java2Dotnet.Spider.Redial\net45\Java2Dotnet.Spider.Redial.csproj", "{8B6E0732-481E-42BC-8FA0-C48F4C6AFD8C}"
EndProject
Project("{FAE04EC0-301F-11D3-BF4B-00C04F79EFBC}") = "Java2Dotnet.Spider.Core", "src\Java2Dotnet.Spider.Core\net45\Java2Dotnet.Spider.Core.csproj", "{28DADCA2-9053-4222-A813-A73DD0FE7F2F}"
EndProject
Project("{FAE04EC0-301F-11D3-BF4B-00C04F79EFBC}") = "Java2Dotnet.Spider.Validation", "src\Java2Dotnet.Spider.Validation\net45\Java2Dotnet.Spider.Validation.csproj", "{DBB93D35-6B87-430E-B308-9F2ABDA1A13E}"
EndProject
Project("{FAE04EC0-301F-11D3-BF4B-00C04F79EFBC}") = "Java2Dotnet.Spider.Extension", "src\Java2Dotnet.Spider.Extension\net45\Java2Dotnet.Spider.Extension.csproj", "{DDB5A085-6219-4A95-8CD8-DDCF3A54B962}"
EndProject
Project("{FAE04EC0-301F-11D3-BF4B-00C04F79EFBC}") = "Java2Dotnet.Spider.Test", "src\Java2Dotnet.Spider.Test\net45\Java2Dotnet.Spider.Test.csproj", "{5806BCBB-08FF-46A5-AC63-40B4CF48A7F5}"
EndProject
Project("{2150E333-8FDC-42A3-9474-1A3956D46DE8}") = "Projects", "Projects", "{E6A464D0-5F36-46FE-AE8D-343A254CDB05}"
EndProject
Project("{FAE04EC0-301F-11D3-BF4B-00C04F79EFBC}") = "Java2Dotnet.Spider.Monitor", "src\Java2Dotnet.Spider.Monitor\Java2Dotnet.Spider.Monitor.csproj", "{0029BE7D-75C8-401D-84C9-97CC8BAD6791}"
EndProject
Project("{FAE04EC0-301F-11D3-BF4B-00C04F79EFBC}") = "ZooKeeperNet", "src\ZooKeeperNet\ZooKeeperNet.csproj", "{5C6774FB-2350-46B2-B1DF-1CCC757C7727}"
EndProject
Global
	GlobalSection(SolutionConfigurationPlatforms) = preSolution
		Debug|Any CPU = Debug|Any CPU
		Release|Any CPU = Release|Any CPU
	EndGlobalSection
	GlobalSection(ProjectConfigurationPlatforms) = postSolution
		{43DD7A01-FBDE-4A22-BF6E-758F721DDE77}.Debug|Any CPU.ActiveCfg = Debug|Any CPU
		{43DD7A01-FBDE-4A22-BF6E-758F721DDE77}.Debug|Any CPU.Build.0 = Debug|Any CPU
		{43DD7A01-FBDE-4A22-BF6E-758F721DDE77}.Release|Any CPU.ActiveCfg = Release|Any CPU
		{43DD7A01-FBDE-4A22-BF6E-758F721DDE77}.Release|Any CPU.Build.0 = Release|Any CPU
		{8B6E0732-481E-42BC-8FA0-C48F4C6AFD8C}.Debug|Any CPU.ActiveCfg = Debug|Any CPU
		{8B6E0732-481E-42BC-8FA0-C48F4C6AFD8C}.Debug|Any CPU.Build.0 = Debug|Any CPU
		{8B6E0732-481E-42BC-8FA0-C48F4C6AFD8C}.Release|Any CPU.ActiveCfg = Release|Any CPU
		{8B6E0732-481E-42BC-8FA0-C48F4C6AFD8C}.Release|Any CPU.Build.0 = Release|Any CPU
		{28DADCA2-9053-4222-A813-A73DD0FE7F2F}.Debug|Any CPU.ActiveCfg = Debug|Any CPU
		{28DADCA2-9053-4222-A813-A73DD0FE7F2F}.Debug|Any CPU.Build.0 = Debug|Any CPU
		{28DADCA2-9053-4222-A813-A73DD0FE7F2F}.Release|Any CPU.ActiveCfg = Release|Any CPU
		{28DADCA2-9053-4222-A813-A73DD0FE7F2F}.Release|Any CPU.Build.0 = Release|Any CPU
		{DBB93D35-6B87-430E-B308-9F2ABDA1A13E}.Debug|Any CPU.ActiveCfg = Debug|Any CPU
		{DBB93D35-6B87-430E-B308-9F2ABDA1A13E}.Debug|Any CPU.Build.0 = Debug|Any CPU
		{DBB93D35-6B87-430E-B308-9F2ABDA1A13E}.Release|Any CPU.ActiveCfg = Release|Any CPU
		{DBB93D35-6B87-430E-B308-9F2ABDA1A13E}.Release|Any CPU.Build.0 = Release|Any CPU
		{DDB5A085-6219-4A95-8CD8-DDCF3A54B962}.Debug|Any CPU.ActiveCfg = Debug|Any CPU
		{DDB5A085-6219-4A95-8CD8-DDCF3A54B962}.Debug|Any CPU.Build.0 = Debug|Any CPU
		{DDB5A085-6219-4A95-8CD8-DDCF3A54B962}.Release|Any CPU.ActiveCfg = Release|Any CPU
		{DDB5A085-6219-4A95-8CD8-DDCF3A54B962}.Release|Any CPU.Build.0 = Release|Any CPU
		{5806BCBB-08FF-46A5-AC63-40B4CF48A7F5}.Debug|Any CPU.ActiveCfg = Debug|Any CPU
		{5806BCBB-08FF-46A5-AC63-40B4CF48A7F5}.Debug|Any CPU.Build.0 = Debug|Any CPU
		{5806BCBB-08FF-46A5-AC63-40B4CF48A7F5}.Release|Any CPU.ActiveCfg = Release|Any CPU
		{5806BCBB-08FF-46A5-AC63-40B4CF48A7F5}.Release|Any CPU.Build.0 = Release|Any CPU
		{0029BE7D-75C8-401D-84C9-97CC8BAD6791}.Debug|Any CPU.ActiveCfg = Debug|Any CPU
		{0029BE7D-75C8-401D-84C9-97CC8BAD6791}.Debug|Any CPU.Build.0 = Debug|Any CPU
		{0029BE7D-75C8-401D-84C9-97CC8BAD6791}.Release|Any CPU.ActiveCfg = Release|Any CPU
		{0029BE7D-75C8-401D-84C9-97CC8BAD6791}.Release|Any CPU.Build.0 = Release|Any CPU
		{5C6774FB-2350-46B2-B1DF-1CCC757C7727}.Debug|Any CPU.ActiveCfg = Debug|Any CPU
		{5C6774FB-2350-46B2-B1DF-1CCC757C7727}.Debug|Any CPU.Build.0 = Debug|Any CPU
		{5C6774FB-2350-46B2-B1DF-1CCC757C7727}.Release|Any CPU.ActiveCfg = Release|Any CPU
		{5C6774FB-2350-46B2-B1DF-1CCC757C7727}.Release|Any CPU.Build.0 = Release|Any CPU
	EndGlobalSection
	GlobalSection(SolutionProperties) = preSolution
		HideSolutionNode = FALSE
	EndGlobalSection
EndGlobal
