
Microsoft Visual Studio Solution File, Format Version 12.00
# Visual Studio 15
VisualStudioVersion = 15.0.27703.2042
MinimumVisualStudioVersion = 10.0.40219.1
Project("{9A19103F-16F7-4668-BE54-9A1E7A4F7556}") = "DotnetSpider.Common", "src\DotnetSpider.Common\DotnetSpider.Common.csproj", "{F1C6C272-A72A-4A5B-95EE-846643A29A3A}"
EndProject
Project("{9A19103F-16F7-4668-BE54-9A1E7A4F7556}") = "DotnetSpider.Extraction", "src\DotnetSpider.Extraction\DotnetSpider.Extraction.csproj", "{C5A68E4D-E9B4-4B2D-B198-74FA88C8CA22}"
EndProject
Project("{9A19103F-16F7-4668-BE54-9A1E7A4F7556}") = "DotnetSpider.HtmlAgilityPack.Css", "src\DotnetSpider.HtmlAgilityPack.Css\DotnetSpider.HtmlAgilityPack.Css.csproj", "{38DFF949-761C-4DC1-ADC6-D3F535E84AEF}"
EndProject
Project("{9A19103F-16F7-4668-BE54-9A1E7A4F7556}") = "DotnetSpider.Downloader", "src\DotnetSpider.Downloader\DotnetSpider.Downloader.csproj", "{730D29D7-4C2A-4E9C-983A-75CD54E12F76}"
EndProject
Project("{9A19103F-16F7-4668-BE54-9A1E7A4F7556}") = "DotnetSpider.Proxy", "src\DotnetSpider.Proxy\DotnetSpider.Proxy.csproj", "{480F413E-A1D6-4265-9AE7-3968ECC5EA1F}"
EndProject
Project("{9A19103F-16F7-4668-BE54-9A1E7A4F7556}") = "DotnetSpider.Sample", "src\DotnetSpider.Sample\DotnetSpider.Sample.csproj", "{A809271F-D2CF-4220-B49D-4D68960F8FDC}"
EndProject
Project("{9A19103F-16F7-4668-BE54-9A1E7A4F7556}") = "DotnetSpider.Core", "src\DotnetSpider.Core\DotnetSpider.Core.csproj", "{FAF61284-65BA-465C-93B9-1EE0669D71B7}"
EndProject
Project("{9A19103F-16F7-4668-BE54-9A1E7A4F7556}") = "DotnetSpider.Extraction.Test", "src\DotnetSpider.Extraction.Test\DotnetSpider.Extraction.Test.csproj", "{12F5482F-103B-44CF-9F34-2519F73B7199}"
EndProject
Project("{9A19103F-16F7-4668-BE54-9A1E7A4F7556}") = "DotnetSpider.Core.Test", "src\DotnetSpider.Core.Test\DotnetSpider.Core.Test.csproj", "{C4E356CD-690F-4A58-9360-A6CCD4798ADF}"
EndProject
Project("{9A19103F-16F7-4668-BE54-9A1E7A4F7556}") = "DotnetSpider.Downloader.Test", "src\DotnetSpider.Downloader.Test\DotnetSpider.Downloader.Test.csproj", "{12D370DF-473A-4489-8CED-A867C7EA0684}"
EndProject
Project("{9A19103F-16F7-4668-BE54-9A1E7A4F7556}") = "DotnetSpider.Common.Test", "src\DotnetSpider.Common.Test\DotnetSpider.Common.Test.csproj", "{3720D347-F6AC-4F8D-8624-8EB727032E4A}"
EndProject
Project("{2150E333-8FDC-42A3-9474-1A3956D46DE8}") = "tests", "tests", "{64483187-F19D-4EEC-9979-886234CBA8D4}"
EndProject
Project("{9A19103F-16F7-4668-BE54-9A1E7A4F7556}") = "DotnetSpider.Extension", "src\DotnetSpider.Extension\DotnetSpider.Extension.csproj", "{968336D0-A366-416F-9ED6-7922D0382E25}"
EndProject
Project("{9A19103F-16F7-4668-BE54-9A1E7A4F7556}") = "DotnetSpider.Extension.Test", "src\DotnetSpider.Extension.Test\DotnetSpider.Extension.Test.csproj", "{372C7A6F-E1EB-4AA6-8B31-1AE52FBDAA83}"
EndProject
Project("{2150E333-8FDC-42A3-9474-1A3956D46DE8}") = "Solution Items", "Solution Items", "{AB7EA737-E1B1-416C-8E2C-B820AEBF5CF3}"
	ProjectSection(SolutionItems) = preProject
		.editorconfig = .editorconfig
		.gitignore = .gitignore
		.travis.yml = .travis.yml
		DistributeDesign.md = DistributeDesign.md
		publishToNuget.bat = publishToNuget.bat
		README.md = README.md
		runtests.sh = runtests.sh
	EndProjectSection
EndProject
Project("{9A19103F-16F7-4668-BE54-9A1E7A4F7556}") = "DotnetSpider.Worker", "src\DotnetSpider.Worker\DotnetSpider.Worker.csproj", "{C416B779-5018-42AF-A1A5-98186389CCED}"
EndProject
Project("{9A19103F-16F7-4668-BE54-9A1E7A4F7556}") = "DotnetSpider.Broker", "src\DotnetSpider.Broker\DotnetSpider.Broker.csproj", "{9487B3DF-005F-49B5-A42D-3CA397B4133C}"
EndProject
Project("{9A19103F-16F7-4668-BE54-9A1E7A4F7556}") = "DotnetSpider.Migrator", "src\DotnetSpider.Migrator\DotnetSpider.Migrator.csproj", "{5F2637DE-B281-4A54-B7A9-C5AD9E101324}"
EndProject
Project("{9A19103F-16F7-4668-BE54-9A1E7A4F7556}") = "DotnetSpider.Broker.Test", "src\DotnetSpider.Broker.Test\DotnetSpider.Broker.Test.csproj", "{6CAEECB0-0BD0-4A32-B057-99C7DADE3F4C}"
EndProject
Global
	GlobalSection(SolutionConfigurationPlatforms) = preSolution
		Debug|Any CPU = Debug|Any CPU
		Release|Any CPU = Release|Any CPU
	EndGlobalSection
	GlobalSection(ProjectConfigurationPlatforms) = postSolution
		{F1C6C272-A72A-4A5B-95EE-846643A29A3A}.Debug|Any CPU.ActiveCfg = Debug|Any CPU
		{F1C6C272-A72A-4A5B-95EE-846643A29A3A}.Debug|Any CPU.Build.0 = Debug|Any CPU
		{F1C6C272-A72A-4A5B-95EE-846643A29A3A}.Release|Any CPU.ActiveCfg = Release|Any CPU
		{F1C6C272-A72A-4A5B-95EE-846643A29A3A}.Release|Any CPU.Build.0 = Release|Any CPU
		{C5A68E4D-E9B4-4B2D-B198-74FA88C8CA22}.Debug|Any CPU.ActiveCfg = Debug|Any CPU
		{C5A68E4D-E9B4-4B2D-B198-74FA88C8CA22}.Debug|Any CPU.Build.0 = Debug|Any CPU
		{C5A68E4D-E9B4-4B2D-B198-74FA88C8CA22}.Release|Any CPU.ActiveCfg = Release|Any CPU
		{C5A68E4D-E9B4-4B2D-B198-74FA88C8CA22}.Release|Any CPU.Build.0 = Release|Any CPU
		{38DFF949-761C-4DC1-ADC6-D3F535E84AEF}.Debug|Any CPU.ActiveCfg = Debug|Any CPU
		{38DFF949-761C-4DC1-ADC6-D3F535E84AEF}.Debug|Any CPU.Build.0 = Debug|Any CPU
		{38DFF949-761C-4DC1-ADC6-D3F535E84AEF}.Release|Any CPU.ActiveCfg = Release|Any CPU
		{38DFF949-761C-4DC1-ADC6-D3F535E84AEF}.Release|Any CPU.Build.0 = Release|Any CPU
		{730D29D7-4C2A-4E9C-983A-75CD54E12F76}.Debug|Any CPU.ActiveCfg = Debug|Any CPU
		{730D29D7-4C2A-4E9C-983A-75CD54E12F76}.Debug|Any CPU.Build.0 = Debug|Any CPU
		{730D29D7-4C2A-4E9C-983A-75CD54E12F76}.Release|Any CPU.ActiveCfg = Release|Any CPU
		{730D29D7-4C2A-4E9C-983A-75CD54E12F76}.Release|Any CPU.Build.0 = Release|Any CPU
		{480F413E-A1D6-4265-9AE7-3968ECC5EA1F}.Debug|Any CPU.ActiveCfg = Debug|Any CPU
		{480F413E-A1D6-4265-9AE7-3968ECC5EA1F}.Debug|Any CPU.Build.0 = Debug|Any CPU
		{480F413E-A1D6-4265-9AE7-3968ECC5EA1F}.Release|Any CPU.ActiveCfg = Release|Any CPU
		{480F413E-A1D6-4265-9AE7-3968ECC5EA1F}.Release|Any CPU.Build.0 = Release|Any CPU
		{A809271F-D2CF-4220-B49D-4D68960F8FDC}.Debug|Any CPU.ActiveCfg = Debug|Any CPU
		{A809271F-D2CF-4220-B49D-4D68960F8FDC}.Debug|Any CPU.Build.0 = Debug|Any CPU
		{A809271F-D2CF-4220-B49D-4D68960F8FDC}.Release|Any CPU.ActiveCfg = Release|Any CPU
		{A809271F-D2CF-4220-B49D-4D68960F8FDC}.Release|Any CPU.Build.0 = Release|Any CPU
		{FAF61284-65BA-465C-93B9-1EE0669D71B7}.Debug|Any CPU.ActiveCfg = Debug|Any CPU
		{FAF61284-65BA-465C-93B9-1EE0669D71B7}.Debug|Any CPU.Build.0 = Debug|Any CPU
		{FAF61284-65BA-465C-93B9-1EE0669D71B7}.Release|Any CPU.ActiveCfg = Release|Any CPU
		{FAF61284-65BA-465C-93B9-1EE0669D71B7}.Release|Any CPU.Build.0 = Release|Any CPU
		{12F5482F-103B-44CF-9F34-2519F73B7199}.Debug|Any CPU.ActiveCfg = Debug|Any CPU
		{12F5482F-103B-44CF-9F34-2519F73B7199}.Debug|Any CPU.Build.0 = Debug|Any CPU
		{12F5482F-103B-44CF-9F34-2519F73B7199}.Release|Any CPU.ActiveCfg = Release|Any CPU
		{12F5482F-103B-44CF-9F34-2519F73B7199}.Release|Any CPU.Build.0 = Release|Any CPU
		{C4E356CD-690F-4A58-9360-A6CCD4798ADF}.Debug|Any CPU.ActiveCfg = Debug|Any CPU
		{C4E356CD-690F-4A58-9360-A6CCD4798ADF}.Debug|Any CPU.Build.0 = Debug|Any CPU
		{C4E356CD-690F-4A58-9360-A6CCD4798ADF}.Release|Any CPU.ActiveCfg = Release|Any CPU
		{C4E356CD-690F-4A58-9360-A6CCD4798ADF}.Release|Any CPU.Build.0 = Release|Any CPU
		{12D370DF-473A-4489-8CED-A867C7EA0684}.Debug|Any CPU.ActiveCfg = Debug|Any CPU
		{12D370DF-473A-4489-8CED-A867C7EA0684}.Debug|Any CPU.Build.0 = Debug|Any CPU
		{12D370DF-473A-4489-8CED-A867C7EA0684}.Release|Any CPU.ActiveCfg = Release|Any CPU
		{12D370DF-473A-4489-8CED-A867C7EA0684}.Release|Any CPU.Build.0 = Release|Any CPU
		{3720D347-F6AC-4F8D-8624-8EB727032E4A}.Debug|Any CPU.ActiveCfg = Debug|Any CPU
		{3720D347-F6AC-4F8D-8624-8EB727032E4A}.Debug|Any CPU.Build.0 = Debug|Any CPU
		{3720D347-F6AC-4F8D-8624-8EB727032E4A}.Release|Any CPU.ActiveCfg = Release|Any CPU
		{3720D347-F6AC-4F8D-8624-8EB727032E4A}.Release|Any CPU.Build.0 = Release|Any CPU
		{968336D0-A366-416F-9ED6-7922D0382E25}.Debug|Any CPU.ActiveCfg = Debug|Any CPU
		{968336D0-A366-416F-9ED6-7922D0382E25}.Debug|Any CPU.Build.0 = Debug|Any CPU
		{968336D0-A366-416F-9ED6-7922D0382E25}.Release|Any CPU.ActiveCfg = Release|Any CPU
		{968336D0-A366-416F-9ED6-7922D0382E25}.Release|Any CPU.Build.0 = Release|Any CPU
		{372C7A6F-E1EB-4AA6-8B31-1AE52FBDAA83}.Debug|Any CPU.ActiveCfg = Debug|Any CPU
		{372C7A6F-E1EB-4AA6-8B31-1AE52FBDAA83}.Debug|Any CPU.Build.0 = Debug|Any CPU
		{372C7A6F-E1EB-4AA6-8B31-1AE52FBDAA83}.Release|Any CPU.ActiveCfg = Release|Any CPU
		{372C7A6F-E1EB-4AA6-8B31-1AE52FBDAA83}.Release|Any CPU.Build.0 = Release|Any CPU
		{C416B779-5018-42AF-A1A5-98186389CCED}.Debug|Any CPU.ActiveCfg = Debug|Any CPU
		{C416B779-5018-42AF-A1A5-98186389CCED}.Debug|Any CPU.Build.0 = Debug|Any CPU
		{C416B779-5018-42AF-A1A5-98186389CCED}.Release|Any CPU.ActiveCfg = Release|Any CPU
		{C416B779-5018-42AF-A1A5-98186389CCED}.Release|Any CPU.Build.0 = Release|Any CPU
		{9487B3DF-005F-49B5-A42D-3CA397B4133C}.Debug|Any CPU.ActiveCfg = Debug|Any CPU
		{9487B3DF-005F-49B5-A42D-3CA397B4133C}.Debug|Any CPU.Build.0 = Debug|Any CPU
		{9487B3DF-005F-49B5-A42D-3CA397B4133C}.Release|Any CPU.ActiveCfg = Release|Any CPU
		{9487B3DF-005F-49B5-A42D-3CA397B4133C}.Release|Any CPU.Build.0 = Release|Any CPU
		{5F2637DE-B281-4A54-B7A9-C5AD9E101324}.Debug|Any CPU.ActiveCfg = Debug|Any CPU
		{5F2637DE-B281-4A54-B7A9-C5AD9E101324}.Debug|Any CPU.Build.0 = Debug|Any CPU
		{5F2637DE-B281-4A54-B7A9-C5AD9E101324}.Release|Any CPU.ActiveCfg = Release|Any CPU
		{5F2637DE-B281-4A54-B7A9-C5AD9E101324}.Release|Any CPU.Build.0 = Release|Any CPU
		{6CAEECB0-0BD0-4A32-B057-99C7DADE3F4C}.Debug|Any CPU.ActiveCfg = Debug|Any CPU
		{6CAEECB0-0BD0-4A32-B057-99C7DADE3F4C}.Debug|Any CPU.Build.0 = Debug|Any CPU
		{6CAEECB0-0BD0-4A32-B057-99C7DADE3F4C}.Release|Any CPU.ActiveCfg = Release|Any CPU
		{6CAEECB0-0BD0-4A32-B057-99C7DADE3F4C}.Release|Any CPU.Build.0 = Release|Any CPU
	EndGlobalSection
	GlobalSection(SolutionProperties) = preSolution
		HideSolutionNode = FALSE
	EndGlobalSection
	GlobalSection(NestedProjects) = preSolution
		{12F5482F-103B-44CF-9F34-2519F73B7199} = {64483187-F19D-4EEC-9979-886234CBA8D4}
		{C4E356CD-690F-4A58-9360-A6CCD4798ADF} = {64483187-F19D-4EEC-9979-886234CBA8D4}
		{12D370DF-473A-4489-8CED-A867C7EA0684} = {64483187-F19D-4EEC-9979-886234CBA8D4}
		{3720D347-F6AC-4F8D-8624-8EB727032E4A} = {64483187-F19D-4EEC-9979-886234CBA8D4}
		{372C7A6F-E1EB-4AA6-8B31-1AE52FBDAA83} = {64483187-F19D-4EEC-9979-886234CBA8D4}
		{6CAEECB0-0BD0-4A32-B057-99C7DADE3F4C} = {64483187-F19D-4EEC-9979-886234CBA8D4}
	EndGlobalSection
	GlobalSection(ExtensibilityGlobals) = postSolution
		SolutionGuid = {2D832E42-CB19-4D9A-AA1A-F8DAE7E62D98}
	EndGlobalSection
EndGlobal
