
Microsoft Visual Studio Solution File, Format Version 12.00
# Visual Studio 15
VisualStudioVersion = 15.0.27130.2026
MinimumVisualStudioVersion = 10.0.40219.1
Project("{D954291E-2A0B-460D-934E-DC6B0785DB48}") = "DotnetSpider.Core", "src\DotnetSpider.Core\DotnetSpider.Core.shproj", "{6C8BEE01-E343-486A-95C9-00B784FE66FB}"
EndProject
Project("{D954291E-2A0B-460D-934E-DC6B0785DB48}") = "DotnetSpider.Core.Test", "src\DotnetSpider.Core.Test\DotnetSpider.Core.Test.shproj", "{1CE8FC3B-2587-4FBD-9B3D-AB319FF1E9DD}"
EndProject
Project("{D954291E-2A0B-460D-934E-DC6B0785DB48}") = "DotnetSpider.Extension", "src\DotnetSpider.Extension\DotnetSpider.Extension.shproj", "{0CA2DE6E-7171-412F-9006-4B2ACE38AB97}"
EndProject
Project("{D954291E-2A0B-460D-934E-DC6B0785DB48}") = "DotnetSpider.Extension.Test", "src\DotnetSpider.Extension.Test\DotnetSpider.Extension.Test.shproj", "{13887DEC-7830-4009-B124-29AC8511DCD9}"
EndProject
Project("{D954291E-2A0B-460D-934E-DC6B0785DB48}") = "DotnetSpider.Sample", "src\DotnetSpider.Sample\DotnetSpider.Sample.shproj", "{789A17BF-9B08-4743-81DD-5512E5220848}"
EndProject
Project("{2150E333-8FDC-42A3-9474-1A3956D46DE8}") = "netfx4.5", "netfx4.5", "{D66F52BA-5F68-44A0-99A3-96D3C927CCBA}"
EndProject
Project("{FAE04EC0-301F-11D3-BF4B-00C04F79EFBC}") = "DotnetSpider.Core", "src\netfx4.5\DotnetSpider.Core\DotnetSpider.Core.csproj", "{5583BAE6-9B40-41CD-BC42-5F754E966D86}"
EndProject
Project("{2150E333-8FDC-42A3-9474-1A3956D46DE8}") = "Solution Items", "Solution Items", "{8DB7C869-8EE4-431E-A26A-EA5F2A97E4BF}"
	ProjectSection(SolutionItems) = preProject
		.editorconfig = .editorconfig
		.travis.yml = .travis.yml
		build.bat = build.bat
		build.sh = build.sh
		guide.md = guide.md
		pack.bat = pack.bat
		pkgmap.txt = pkgmap.txt
		publishToNuget.bat = publishToNuget.bat
		README.md = README.md
	EndProjectSection
EndProject
Project("{2150E333-8FDC-42A3-9474-1A3956D46DE8}") = "nuget", "nuget", "{13559074-6A43-417F-A4BF-ACB24250479C}"
	ProjectSection(SolutionItems) = preProject
		nuget\DotnetSpider.Core.nuspec = nuget\DotnetSpider.Core.nuspec
		nuget\DotnetSpider.Extension.nuspec = nuget\DotnetSpider.Extension.nuspec
	EndProjectSection
EndProject
Project("{FAE04EC0-301F-11D3-BF4B-00C04F79EFBC}") = "DotnetSpider.Extension", "src\netfx4.5\DotnetSpider.Extension\DotnetSpider.Extension.csproj", "{2923CF89-C0F3-4CA1-B4D9-E647A939FED1}"
EndProject
Project("{FAE04EC0-301F-11D3-BF4B-00C04F79EFBC}") = "DotnetSpider.Core.Test", "src\netfx4.5\DotnetSpider.Core.Test\DotnetSpider.Core.Test.csproj", "{5A31D341-AB61-4B78-A003-64A3D6C08567}"
EndProject
Project("{FAE04EC0-301F-11D3-BF4B-00C04F79EFBC}") = "DotnetSpider.Extension.Test", "src\netfx4.5\DotnetSpider.Extension.Test\DotnetSpider.Extension.Test.csproj", "{6B8041A3-DD2D-4CAC-97D3-8F8C46312454}"
EndProject
Project("{FAE04EC0-301F-11D3-BF4B-00C04F79EFBC}") = "DotnetSpider.Sample", "src\netfx4.5\DotnetSpider.Sample\DotnetSpider.Sample.csproj", "{D2DD5DF2-D885-47D1-974B-755EDF41D83E}"
EndProject
Global
	GlobalSection(SharedMSBuildProjectFiles) = preSolution
		src\DotnetSpider.Extension\DotnetSpider.Extension.projitems*{0ca2de6e-7171-412f-9006-4b2ace38ab97}*SharedItemsImports = 13
		src\DotnetSpider.Extension.Test\DotnetSpider.Extension.Test.projitems*{13887dec-7830-4009-b124-29ac8511dcd9}*SharedItemsImports = 13
		src\DotnetSpider.Core.Test\DotnetSpider.Core.Test.projitems*{1ce8fc3b-2587-4fbd-9b3d-ab319ff1e9dd}*SharedItemsImports = 13
		src\DotnetSpider.Extension\DotnetSpider.Extension.projitems*{2923cf89-c0f3-4ca1-b4d9-e647a939fed1}*SharedItemsImports = 4
		src\DotnetSpider.Core\DotnetSpider.Core.projitems*{5583bae6-9b40-41cd-bc42-5f754e966d86}*SharedItemsImports = 4
		src\DotnetSpider.Core.Test\DotnetSpider.Core.Test.projitems*{5a31d341-ab61-4b78-a003-64a3d6c08567}*SharedItemsImports = 4
		src\DotnetSpider.Extension.Test\DotnetSpider.Extension.Test.projitems*{6b8041a3-dd2d-4cac-97d3-8f8c46312454}*SharedItemsImports = 4
		src\DotnetSpider.Core\DotnetSpider.Core.projitems*{6c8bee01-e343-486a-95c9-00b784fe66fb}*SharedItemsImports = 13
		src\DotnetSpider.Sample\DotnetSpider.Sample.projitems*{789a17bf-9b08-4743-81dd-5512e5220848}*SharedItemsImports = 13
		src\DotnetSpider.Sample\DotnetSpider.Sample.projitems*{d2dd5df2-d885-47d1-974b-755edf41d83e}*SharedItemsImports = 4
	EndGlobalSection
	GlobalSection(SolutionConfigurationPlatforms) = preSolution
		Debug|Any CPU = Debug|Any CPU
		Release|Any CPU = Release|Any CPU
	EndGlobalSection
	GlobalSection(ProjectConfigurationPlatforms) = postSolution
		{5583BAE6-9B40-41CD-BC42-5F754E966D86}.Debug|Any CPU.ActiveCfg = Debug|Any CPU
		{5583BAE6-9B40-41CD-BC42-5F754E966D86}.Debug|Any CPU.Build.0 = Debug|Any CPU
		{5583BAE6-9B40-41CD-BC42-5F754E966D86}.Release|Any CPU.ActiveCfg = Release|Any CPU
		{5583BAE6-9B40-41CD-BC42-5F754E966D86}.Release|Any CPU.Build.0 = Release|Any CPU
		{2923CF89-C0F3-4CA1-B4D9-E647A939FED1}.Debug|Any CPU.ActiveCfg = Debug|Any CPU
		{2923CF89-C0F3-4CA1-B4D9-E647A939FED1}.Debug|Any CPU.Build.0 = Debug|Any CPU
		{2923CF89-C0F3-4CA1-B4D9-E647A939FED1}.Release|Any CPU.ActiveCfg = Release|Any CPU
		{2923CF89-C0F3-4CA1-B4D9-E647A939FED1}.Release|Any CPU.Build.0 = Release|Any CPU
		{5A31D341-AB61-4B78-A003-64A3D6C08567}.Debug|Any CPU.ActiveCfg = Debug|Any CPU
		{5A31D341-AB61-4B78-A003-64A3D6C08567}.Debug|Any CPU.Build.0 = Debug|Any CPU
		{5A31D341-AB61-4B78-A003-64A3D6C08567}.Release|Any CPU.ActiveCfg = Release|Any CPU
		{5A31D341-AB61-4B78-A003-64A3D6C08567}.Release|Any CPU.Build.0 = Release|Any CPU
		{6B8041A3-DD2D-4CAC-97D3-8F8C46312454}.Debug|Any CPU.ActiveCfg = Debug|Any CPU
		{6B8041A3-DD2D-4CAC-97D3-8F8C46312454}.Debug|Any CPU.Build.0 = Debug|Any CPU
		{6B8041A3-DD2D-4CAC-97D3-8F8C46312454}.Release|Any CPU.ActiveCfg = Release|Any CPU
		{6B8041A3-DD2D-4CAC-97D3-8F8C46312454}.Release|Any CPU.Build.0 = Release|Any CPU
		{D2DD5DF2-D885-47D1-974B-755EDF41D83E}.Debug|Any CPU.ActiveCfg = Debug|Any CPU
		{D2DD5DF2-D885-47D1-974B-755EDF41D83E}.Debug|Any CPU.Build.0 = Debug|Any CPU
		{D2DD5DF2-D885-47D1-974B-755EDF41D83E}.Release|Any CPU.ActiveCfg = Release|Any CPU
		{D2DD5DF2-D885-47D1-974B-755EDF41D83E}.Release|Any CPU.Build.0 = Release|Any CPU
	EndGlobalSection
	GlobalSection(SolutionProperties) = preSolution
		HideSolutionNode = FALSE
	EndGlobalSection
	GlobalSection(NestedProjects) = preSolution
		{5583BAE6-9B40-41CD-BC42-5F754E966D86} = {D66F52BA-5F68-44A0-99A3-96D3C927CCBA}
		{2923CF89-C0F3-4CA1-B4D9-E647A939FED1} = {D66F52BA-5F68-44A0-99A3-96D3C927CCBA}
		{5A31D341-AB61-4B78-A003-64A3D6C08567} = {D66F52BA-5F68-44A0-99A3-96D3C927CCBA}
		{6B8041A3-DD2D-4CAC-97D3-8F8C46312454} = {D66F52BA-5F68-44A0-99A3-96D3C927CCBA}
		{D2DD5DF2-D885-47D1-974B-755EDF41D83E} = {D66F52BA-5F68-44A0-99A3-96D3C927CCBA}
	EndGlobalSection
	GlobalSection(ExtensibilityGlobals) = postSolution
		SolutionGuid = {83A7B28B-B9C4-4CCA-B09E-C031FBFBE0CB}
	EndGlobalSection
EndGlobal
